
Microsoft Visual Studio Solution File, Format Version 12.00
# Visual Studio 15
VisualStudioVersion = 15.0.26730.0
MinimumVisualStudioVersion = 10.0.40219.1
Project("{9A19103F-16F7-4668-BE54-9A1E7A4F7556}") = "gdal_csharp", "gdal\gdal_csharp.csproj", "{A460B320-54A6-42DC-8BCD-867940472A84}"
EndProject
Project("{FAE04EC0-301F-11D3-BF4B-00C04F79EFBC}") = "ogr_csharp", "ogr\ogr_csharp.csproj", "{CBAAA258-62BD-40A5-9401-E44348B80AE2}"
EndProject
Project("{FAE04EC0-301F-11D3-BF4B-00C04F79EFBC}") = "osr_csharp", "osr\osr_csharp.csproj", "{A3F851CB-2977-4776-A608-CC79F4D5500F}"
EndProject
Project("{FAE04EC0-301F-11D3-BF4B-00C04F79EFBC}") = "GDALInfo", "apps\GDALInfo.csproj", "{18E72F9E-FDD1-4713-B7DB-628493A2AE88}"
EndProject
Global
	GlobalSection(SolutionConfigurationPlatforms) = preSolution
		Debug|Any CPU = Debug|Any CPU
		Release|Any CPU = Release|Any CPU
	EndGlobalSection
	GlobalSection(ProjectConfigurationPlatforms) = postSolution
		{A460B320-54A6-42DC-8BCD-867940472A84}.Debug|Any CPU.ActiveCfg = Debug|Any CPU
		{A460B320-54A6-42DC-8BCD-867940472A84}.Debug|Any CPU.Build.0 = Debug|Any CPU
		{A460B320-54A6-42DC-8BCD-867940472A84}.Release|Any CPU.ActiveCfg = Release|Any CPU
		{A460B320-54A6-42DC-8BCD-867940472A84}.Release|Any CPU.Build.0 = Release|Any CPU
		{CBAAA258-62BD-40A5-9401-E44348B80AE2}.Debug|Any CPU.ActiveCfg = Debug|Any CPU
		{CBAAA258-62BD-40A5-9401-E44348B80AE2}.Debug|Any CPU.Build.0 = Debug|Any CPU
		{CBAAA258-62BD-40A5-9401-E44348B80AE2}.Release|Any CPU.ActiveCfg = Release|Any CPU
		{CBAAA258-62BD-40A5-9401-E44348B80AE2}.Release|Any CPU.Build.0 = Release|Any CPU
		{A3F851CB-2977-4776-A608-CC79F4D5500F}.Debug|Any CPU.ActiveCfg = Debug|Any CPU
		{A3F851CB-2977-4776-A608-CC79F4D5500F}.Debug|Any CPU.Build.0 = Debug|Any CPU
		{A3F851CB-2977-4776-A608-CC79F4D5500F}.Release|Any CPU.ActiveCfg = Release|Any CPU
		{A3F851CB-2977-4776-A608-CC79F4D5500F}.Release|Any CPU.Build.0 = Release|Any CPU
		{18E72F9E-FDD1-4713-B7DB-628493A2AE88}.Debug|Any CPU.ActiveCfg = Debug|Any CPU
		{18E72F9E-FDD1-4713-B7DB-628493A2AE88}.Debug|Any CPU.Build.0 = Debug|Any CPU
		{18E72F9E-FDD1-4713-B7DB-628493A2AE88}.Release|Any CPU.ActiveCfg = Release|Any CPU
		{18E72F9E-FDD1-4713-B7DB-628493A2AE88}.Release|Any CPU.Build.0 = Release|Any CPU
	EndGlobalSection
	GlobalSection(SolutionProperties) = preSolution
		HideSolutionNode = FALSE
	EndGlobalSection
	GlobalSection(ExtensibilityGlobals) = postSolution
		SolutionGuid = {167BD913-4FCA-4AE4-B3DE-8DF2421615A0}
	EndGlobalSection
EndGlobal
